
Microsoft Visual Studio Solution File, Format Version 12.00
# Visual Studio Version 17
VisualStudioVersion = 17.14.36705.20 d17.14
MinimumVisualStudioVersion = 10.0.40219.1
Project("{FAE04EC0-301F-11D3-BF4B-00C04F79EFBC}") = "ManagementCompanyDorogan", "ManagementCompanyDorogan\ManagementCompanyDorogan.csproj", "{00E156E3-84B8-4A8E-AD5F-226AD110B687}"
EndProject
Global
	GlobalSection(SolutionConfigurationPlatforms) = preSolution
		Debug|Any CPU = Debug|Any CPU
		Release|Any CPU = Release|Any CPU
	EndGlobalSection
	GlobalSection(ProjectConfigurationPlatforms) = postSolution
		{00E156E3-84B8-4A8E-AD5F-226AD110B687}.Debug|Any CPU.ActiveCfg = Debug|Any CPU
		{00E156E3-84B8-4A8E-AD5F-226AD110B687}.Debug|Any CPU.Build.0 = Debug|Any CPU
		{00E156E3-84B8-4A8E-AD5F-226AD110B687}.Release|Any CPU.ActiveCfg = Release|Any CPU
		{00E156E3-84B8-4A8E-AD5F-226AD110B687}.Release|Any CPU.Build.0 = Release|Any CPU
	EndGlobalSection
	GlobalSection(SolutionProperties) = preSolution
		HideSolutionNode = FALSE
	EndGlobalSection
	GlobalSection(ExtensibilityGlobals) = postSolution
		SolutionGuid = {2813EA41-997E-465D-905D-5FFE68553388}
	EndGlobalSection
EndGlobal
